
Microsoft Visual Studio Solution File, Format Version 12.00
# Visual Studio Version 17
VisualStudioVersion = 17.0.32112.339
MinimumVisualStudioVersion = 10.0.40219.1
Project("{9A19103F-16F7-4668-BE54-9A1E7A4F7556}") = "Audacia.Mail", "Audacia.Mail\Audacia.Mail.csproj", "{824D2CC1-1C4D-42EE-8443-108297FF56B0}"
EndProject
Project("{9A19103F-16F7-4668-BE54-9A1E7A4F7556}") = "Audacia.Mail.MailKit", "Audacia.Mail.MailKit\Audacia.Mail.MailKit.csproj", "{0EB9E008-DFDA-45C6-8905-7925922D88BD}"
EndProject
Project("{9A19103F-16F7-4668-BE54-9A1E7A4F7556}") = "Audacia.Mail.SendGrid", "Audacia.Mail.SendGrid\Audacia.Mail.SendGrid.csproj", "{7F38EF37-C07D-4BD0-8799-405E19BBD88A}"
EndProject
Project("{9A19103F-16F7-4668-BE54-9A1E7A4F7556}") = "Audacia.Mail.MailTrap", "Audacia.Mail.MailTrap\Audacia.Mail.MailTrap.csproj", "{1002876B-5EC5-437C-802D-FC5695B45227}"
EndProject
Project("{9A19103F-16F7-4668-BE54-9A1E7A4F7556}") = "Audacia.Mail.Local", "Audacia.Mail.Local\Audacia.Mail.Local.csproj", "{1FE582E7-5790-4740-AF66-FC1B8F7ECC65}"
EndProject
Project("{9A19103F-16F7-4668-BE54-9A1E7A4F7556}") = "Audacia.Mail.Test.App", "Audacia.Mail.Test.App\Audacia.Mail.Test.App.csproj", "{98A1DD94-8FED-411F-B00E-4CC6AD6FBED7}"
EndProject
Project("{2150E333-8FDC-42A3-9474-1A3956D46DE8}") = "Solution Items", "Solution Items", "{F16FD922-9AFE-45D5-B020-715F907630EE}"
	ProjectSection(SolutionItems) = preProject
		.gitignore = .gitignore
		build.yaml = build.yaml
		CHANGELOG.md = CHANGELOG.md
		Directory.Build.props = Directory.Build.props
		README.md = README.md
	EndProjectSection
EndProject
Project("{9A19103F-16F7-4668-BE54-9A1E7A4F7556}") = "Audacia.Mail.Log", "Audacia.Mail.Log\Audacia.Mail.Log.csproj", "{EE577F2F-0757-46BA-B2F1-0C3E0BC67370}"
EndProject
Project("{9A19103F-16F7-4668-BE54-9A1E7A4F7556}") = "Audacia.Mail.Noop", "Audacia.Mail.Noop\Audacia.Mail.Noop.csproj", "{428D74E7-1EB2-483C-88BE-CC5027A83E3E}"
EndProject
Project("{9A19103F-16F7-4668-BE54-9A1E7A4F7556}") = "Audacia.Mail.Mandrill", "Audacia.Mail.Mandrill\Audacia.Mail.Mandrill.csproj", "{4C0437F4-24A6-4493-8D73-ABF065D953BB}"
EndProject
Project("{FAE04EC0-301F-11D3-BF4B-00C04F79EFBC}") = "Audacia.Mail.Test.API", "Audacia.Mail.Test.API\Audacia.Mail.Test.API.csproj", "{EA106F55-B94F-4FF1-B71B-01897AB56AB3}"
EndProject
Global
	GlobalSection(SolutionConfigurationPlatforms) = preSolution
		Debug|Any CPU = Debug|Any CPU
		Release|Any CPU = Release|Any CPU
	EndGlobalSection
	GlobalSection(ProjectConfigurationPlatforms) = postSolution
		{824D2CC1-1C4D-42EE-8443-108297FF56B0}.Debug|Any CPU.ActiveCfg = Debug|Any CPU
		{824D2CC1-1C4D-42EE-8443-108297FF56B0}.Debug|Any CPU.Build.0 = Debug|Any CPU
		{824D2CC1-1C4D-42EE-8443-108297FF56B0}.Release|Any CPU.ActiveCfg = Release|Any CPU
		{824D2CC1-1C4D-42EE-8443-108297FF56B0}.Release|Any CPU.Build.0 = Release|Any CPU
		{0EB9E008-DFDA-45C6-8905-7925922D88BD}.Debug|Any CPU.ActiveCfg = Debug|Any CPU
		{0EB9E008-DFDA-45C6-8905-7925922D88BD}.Debug|Any CPU.Build.0 = Debug|Any CPU
		{0EB9E008-DFDA-45C6-8905-7925922D88BD}.Release|Any CPU.ActiveCfg = Release|Any CPU
		{0EB9E008-DFDA-45C6-8905-7925922D88BD}.Release|Any CPU.Build.0 = Release|Any CPU
		{7F38EF37-C07D-4BD0-8799-405E19BBD88A}.Debug|Any CPU.ActiveCfg = Debug|Any CPU
		{7F38EF37-C07D-4BD0-8799-405E19BBD88A}.Debug|Any CPU.Build.0 = Debug|Any CPU
		{7F38EF37-C07D-4BD0-8799-405E19BBD88A}.Release|Any CPU.ActiveCfg = Release|Any CPU
		{7F38EF37-C07D-4BD0-8799-405E19BBD88A}.Release|Any CPU.Build.0 = Release|Any CPU
		{1002876B-5EC5-437C-802D-FC5695B45227}.Debug|Any CPU.ActiveCfg = Debug|Any CPU
		{1002876B-5EC5-437C-802D-FC5695B45227}.Debug|Any CPU.Build.0 = Debug|Any CPU
		{1002876B-5EC5-437C-802D-FC5695B45227}.Release|Any CPU.ActiveCfg = Release|Any CPU
		{1002876B-5EC5-437C-802D-FC5695B45227}.Release|Any CPU.Build.0 = Release|Any CPU
		{1FE582E7-5790-4740-AF66-FC1B8F7ECC65}.Debug|Any CPU.ActiveCfg = Debug|Any CPU
		{1FE582E7-5790-4740-AF66-FC1B8F7ECC65}.Debug|Any CPU.Build.0 = Debug|Any CPU
		{1FE582E7-5790-4740-AF66-FC1B8F7ECC65}.Release|Any CPU.ActiveCfg = Release|Any CPU
		{1FE582E7-5790-4740-AF66-FC1B8F7ECC65}.Release|Any CPU.Build.0 = Release|Any CPU
		{98A1DD94-8FED-411F-B00E-4CC6AD6FBED7}.Debug|Any CPU.ActiveCfg = Debug|Any CPU
		{98A1DD94-8FED-411F-B00E-4CC6AD6FBED7}.Debug|Any CPU.Build.0 = Debug|Any CPU
		{98A1DD94-8FED-411F-B00E-4CC6AD6FBED7}.Release|Any CPU.ActiveCfg = Release|Any CPU
		{98A1DD94-8FED-411F-B00E-4CC6AD6FBED7}.Release|Any CPU.Build.0 = Release|Any CPU
		{EE577F2F-0757-46BA-B2F1-0C3E0BC67370}.Debug|Any CPU.ActiveCfg = Debug|Any CPU
		{EE577F2F-0757-46BA-B2F1-0C3E0BC67370}.Debug|Any CPU.Build.0 = Debug|Any CPU
		{EE577F2F-0757-46BA-B2F1-0C3E0BC67370}.Release|Any CPU.ActiveCfg = Release|Any CPU
		{EE577F2F-0757-46BA-B2F1-0C3E0BC67370}.Release|Any CPU.Build.0 = Release|Any CPU
		{428D74E7-1EB2-483C-88BE-CC5027A83E3E}.Debug|Any CPU.ActiveCfg = Debug|Any CPU
		{428D74E7-1EB2-483C-88BE-CC5027A83E3E}.Debug|Any CPU.Build.0 = Debug|Any CPU
		{428D74E7-1EB2-483C-88BE-CC5027A83E3E}.Release|Any CPU.ActiveCfg = Release|Any CPU
		{428D74E7-1EB2-483C-88BE-CC5027A83E3E}.Release|Any CPU.Build.0 = Release|Any CPU
		{4C0437F4-24A6-4493-8D73-ABF065D953BB}.Debug|Any CPU.ActiveCfg = Debug|Any CPU
		{4C0437F4-24A6-4493-8D73-ABF065D953BB}.Debug|Any CPU.Build.0 = Debug|Any CPU
		{4C0437F4-24A6-4493-8D73-ABF065D953BB}.Release|Any CPU.ActiveCfg = Release|Any CPU
		{4C0437F4-24A6-4493-8D73-ABF065D953BB}.Release|Any CPU.Build.0 = Release|Any CPU
		{EA106F55-B94F-4FF1-B71B-01897AB56AB3}.Debug|Any CPU.ActiveCfg = Debug|Any CPU
		{EA106F55-B94F-4FF1-B71B-01897AB56AB3}.Debug|Any CPU.Build.0 = Debug|Any CPU
		{EA106F55-B94F-4FF1-B71B-01897AB56AB3}.Release|Any CPU.ActiveCfg = Release|Any CPU
		{EA106F55-B94F-4FF1-B71B-01897AB56AB3}.Release|Any CPU.Build.0 = Release|Any CPU
	EndGlobalSection
	GlobalSection(SolutionProperties) = preSolution
		HideSolutionNode = FALSE
	EndGlobalSection
	GlobalSection(ExtensibilityGlobals) = postSolution
		SolutionGuid = {8E68E902-3500-4E94-9FBA-8836046EE0E7}
	EndGlobalSection
EndGlobal
